
Microsoft Visual Studio Solution File, Format Version 12.00
# Visual Studio 15
VisualStudioVersion = 15.0.28307.572
MinimumVisualStudioVersion = 10.0.40219.1
Project("{FAE04EC0-301F-11D3-BF4B-00C04F79EFBC}") = "WebApplication1", "WebApplication1\WebApplication1.csproj", "{4BDBD3E2-33F6-4BC6-8B1B-FBF4F4D012E3}"
EndProject
Global
	GlobalSection(SolutionConfigurationPlatforms) = preSolution
		Debug|Any CPU = Debug|Any CPU
		Release|Any CPU = Release|Any CPU
	EndGlobalSection
	GlobalSection(ProjectConfigurationPlatforms) = postSolution
		{4BDBD3E2-33F6-4BC6-8B1B-FBF4F4D012E3}.Debug|Any CPU.ActiveCfg = Debug|Any CPU
		{4BDBD3E2-33F6-4BC6-8B1B-FBF4F4D012E3}.Debug|Any CPU.Build.0 = Debug|Any CPU
		{4BDBD3E2-33F6-4BC6-8B1B-FBF4F4D012E3}.Release|Any CPU.ActiveCfg = Release|Any CPU
		{4BDBD3E2-33F6-4BC6-8B1B-FBF4F4D012E3}.Release|Any CPU.Build.0 = Release|Any CPU
	EndGlobalSection
	GlobalSection(SolutionProperties) = preSolution
		HideSolutionNode = FALSE
	EndGlobalSection
	GlobalSection(ExtensibilityGlobals) = postSolution
		SolutionGuid = {8A880B59-CA86-4D6D-A4A5-3AEA1DE2325A}
	EndGlobalSection
EndGlobal
